<?xml version="1.0" encoding="utf-8"?>
<Project ToolsVersion="4.0" xmlns="http://schemas.microsoft.com/developer/msbuild/2003">
  <ItemGroup>
    <Filter Include="リソース ファイル">
      <UniqueIdentifier>{67DA6AB6-F800-4c08-8B7A-83BB121AAD01}</UniqueIdentifier>
      <Extensions>rc;ico;cur;bmp;dlg;rc2;rct;bin;rgs;gif;jpg;jpeg;jpe;resx;tiff;tif;png;wav;mfcribbon-ms</Extensions>
    </Filter>
    <Filter Include="Twar">
      <UniqueIdentifier>{974cbe2c-a200-40e0-8df4-6b3b96d595e4}</UniqueIdentifier>
    </Filter>
    <Filter Include="Twar\Scene">
      <UniqueIdentifier>{be9005e2-a12c-4e6e-9a40-fae35b910412}</UniqueIdentifier>
    </Filter>
    <Filter Include="Twar\Field">
      <UniqueIdentifier>{030eac73-f8b9-4a25-897c-b49e587da5a4}</UniqueIdentifier>
    </Filter>
    <Filter Include="Twar\GameData">
      <UniqueIdentifier>{76d75aae-00f2-40ba-9445-9b61c24ecc5f}</UniqueIdentifier>
    </Filter>
    <Filter Include="Twar\SubScene">
      <UniqueIdentifier>{2c125ec9-6ad2-42cd-8f85-48b3079c6c82}</UniqueIdentifier>
    </Filter>
    <Filter Include="Twar\CameraController">
      <UniqueIdentifier>{7aa51ab0-5100-4396-b3d9-08fc7396d37b}</UniqueIdentifier>
    </Filter>
    <Filter Include="Twar\Thread">
      <UniqueIdentifier>{42c7f2a8-8b89-4e83-adb4-17dc94be49f1}</UniqueIdentifier>
    </Filter>
  </ItemGroup>
  <ItemGroup>
    <ClCompile Include="main.cpp">
      <Filter>Twar</Filter>
    </ClCompile>
    <ClCompile Include="Scene\SceneManager.cpp">
      <Filter>Twar\Scene</Filter>
    </ClCompile>
    <ClCompile Include="Scene\Scene.cpp">
      <Filter>Twar\Scene</Filter>
    </ClCompile>
    <ClCompile Include="GameData\SaveDataManager.cpp">
      <Filter>Twar\GameData</Filter>
    </ClCompile>
    <ClCompile Include="Scene\SceneFactory.cpp">
      <Filter>Twar\Scene</Filter>
    </ClCompile>
    <ClCompile Include="Scene\LogoScene.cpp">
      <Filter>Twar\Scene</Filter>
    </ClCompile>
    <ClCompile Include="Scene\TitleScene.cpp">
      <Filter>Twar\Scene</Filter>
    </ClCompile>
    <ClCompile Include="Scene\GameScene.cpp">
      <Filter>Twar\Scene</Filter>
    </ClCompile>
    <ClCompile Include="Scene\EndRollScene.cpp">
      <Filter>Twar\Scene</Filter>
    </ClCompile>
    <ClCompile Include="GameData\GameDataManager.cpp">
      <Filter>Twar\GameData</Filter>
    </ClCompile>
    <ClCompile Include="GameData\GameTimer.cpp">
      <Filter>Twar\GameData</Filter>
    </ClCompile>
    <ClCompile Include="Field\FieldManager.cpp">
      <Filter>Twar\Field</Filter>
    </ClCompile>
    <ClCompile Include="Field\Ocean.cpp">
      <Filter>Twar\Field</Filter>
    </ClCompile>
    <ClCompile Include="Field\Sky.cpp">
      <Filter>Twar\Field</Filter>
    </ClCompile>
    <ClCompile Include="SubScene\SubScene.cpp">
      <Filter>Twar\SubScene</Filter>
    </ClCompile>
    <ClCompile Include="main.cpp">
      <Filter>Twar</Filter>
    </ClCompile>
    <ClCompile Include="SubScene\Opening.cpp">
      <Filter>Twar\SubScene</Filter>
    </ClCompile>
    <ClCompile Include="SubScene\Home.cpp">
      <Filter>Twar\SubScene</Filter>
    </ClCompile>
    <ClCompile Include="SubScene\Shipyard.cpp">
      <Filter>Twar\SubScene</Filter>
    </ClCompile>
    <ClCompile Include="SubScene\Formation.cpp">
      <Filter>Twar\SubScene</Filter>
    </ClCompile>
    <ClCompile Include="SubScene\Battle.cpp">
      <Filter>Twar\SubScene</Filter>
    </ClCompile>
    <ClCompile Include="SubScene\BattleResult.cpp">
      <Filter>Twar\SubScene</Filter>
    </ClCompile>
    <ClCompile Include="SubScene\Ending.cpp">
      <Filter>Twar\SubScene</Filter>
    </ClCompile>
    <ClCompile Include="SubScene\WorldSituation.cpp">
      <Filter>Twar\SubScene</Filter>
    </ClCompile>
    <ClCompile Include="SubScene\SubSceneFactory.cpp">
      <Filter>Twar\SubScene</Filter>
    </ClCompile>
    <ClCompile Include="CameraController\CameraController.cpp">
      <Filter>Twar\CameraController</Filter>
    </ClCompile>
    <ClCompile Include="Thread\TestThread.cpp">
      <Filter>Twar\Thread</Filter>
    </ClCompile>
  </ItemGroup>
  <ItemGroup>
    <ClInclude Include="Scene\SceneManager.h">
      <Filter>Twar\Scene</Filter>
    </ClInclude>
    <ClInclude Include="Scene\Scene.h">
      <Filter>Twar\Scene</Filter>
    </ClInclude>
    <ClInclude Include="GameData\SaveDataManager.h">
      <Filter>Twar\GameData</Filter>
    </ClInclude>
    <ClInclude Include="Scene\SceneFactory.h">
      <Filter>Twar\Scene</Filter>
    </ClInclude>
    <ClInclude Include="Scene\LogoScene.h">
      <Filter>Twar\Scene</Filter>
    </ClInclude>
    <ClInclude Include="Scene\TitleScene.h">
      <Filter>Twar\Scene</Filter>
    </ClInclude>
    <ClInclude Include="Scene\GameScene.h">
      <Filter>Twar\Scene</Filter>
    </ClInclude>
    <ClInclude Include="Scene\EndRollScene.h">
      <Filter>Twar\Scene</Filter>
    </ClInclude>
    <ClInclude Include="GameData\GameDataManager.h">
      <Filter>Twar\GameData</Filter>
    </ClInclude>
    <ClInclude Include="GameData\GameTimer.h">
      <Filter>Twar\GameData</Filter>
    </ClInclude>
    <ClInclude Include="Field\FieldManager.h">
      <Filter>Twar\Field</Filter>
    </ClInclude>
    <ClInclude Include="Field\Sky.h">
      <Filter>Twar\Field</Filter>
    </ClInclude>
    <ClInclude Include="Field\Ocean.h">
      <Filter>Twar\Field</Filter>
    </ClInclude>
    <ClInclude Include="SubScene\SubScene.h">
      <Filter>Twar\SubScene</Filter>
    </ClInclude>
    <ClInclude Include="SubScene\Opening.h">
      <Filter>Twar\SubScene</Filter>
    </ClInclude>
    <ClInclude Include="SubScene\Home.h">
      <Filter>Twar\SubScene</Filter>
    </ClInclude>
    <ClInclude Include="SubScene\Shipyard.h">
      <Filter>Twar\SubScene</Filter>
    </ClInclude>
    <ClInclude Include="SubScene\Formation.h">
      <Filter>Twar\SubScene</Filter>
    </ClInclude>
    <ClInclude Include="SubScene\Battle.h">
      <Filter>Twar\SubScene</Filter>
    </ClInclude>
    <ClInclude Include="SubScene\BattleResult.h">
      <Filter>Twar\SubScene</Filter>
    </ClInclude>
    <ClInclude Include="SubScene\Ending.h">
      <Filter>Twar\SubScene</Filter>
    </ClInclude>
    <ClInclude Include="SubScene\WorldSituation.h">
      <Filter>Twar\SubScene</Filter>
    </ClInclude>
    <ClInclude Include="SubScene\SubSceneFactory.h">
      <Filter>Twar\SubScene</Filter>
    </ClInclude>
    <ClInclude Include="CameraController\CameraController.h">
      <Filter>Twar\CameraController</Filter>
    </ClInclude>
    <ClInclude Include="Thread\TestThread.h">
      <Filter>Twar\Thread</Filter>
    </ClInclude>
  </ItemGroup>
</Project>