<?xml version="1.0" encoding="utf-8"?>
<Project ToolsVersion="4.0" xmlns="http://schemas.microsoft.com/developer/msbuild/2003">
  <ItemGroup>
    <Filter Include="リソース ファイル">
      <UniqueIdentifier>{67DA6AB6-F800-4c08-8B7A-83BB121AAD01}</UniqueIdentifier>
      <Extensions>rc;ico;cur;bmp;dlg;rc2;rct;bin;rgs;gif;jpg;jpeg;jpe;resx;tiff;tif;png;wav;mfcribbon-ms</Extensions>
    </Filter>
    <Filter Include="Twar">
      <UniqueIdentifier>{974cbe2c-a200-40e0-8df4-6b3b96d595e4}</UniqueIdentifier>
    </Filter>
    <Filter Include="Twar\Scene">
      <UniqueIdentifier>{be9005e2-a12c-4e6e-9a40-fae35b910412}</UniqueIdentifier>
    </Filter>
    <Filter Include="Twar\Field">
      <UniqueIdentifier>{030eac73-f8b9-4a25-897c-b49e587da5a4}</UniqueIdentifier>
    </Filter>
    <Filter Include="Twar\GameData">
      <UniqueIdentifier>{76d75aae-00f2-40ba-9445-9b61c24ecc5f}</UniqueIdentifier>
    </Filter>
    <Filter Include="Twar\SubScene">
      <UniqueIdentifier>{2c125ec9-6ad2-42cd-8f85-48b3079c6c82}</UniqueIdentifier>
    </Filter>
    <Filter Include="Twar\Bullet">
      <UniqueIdentifier>{056b3e24-fa22-4b8f-b268-5a62f36d899f}</UniqueIdentifier>
    </Filter>
    <Filter Include="Twar\Ship">
      <UniqueIdentifier>{f1f22bd5-40b6-46bb-969f-3c253dae3938}</UniqueIdentifier>
    </Filter>
    <Filter Include="Twar\LoadingThread">
      <UniqueIdentifier>{87106c8e-5428-4201-81d6-5f02dc9217e2}</UniqueIdentifier>
    </Filter>
    <Filter Include="Twar\CameraController">
      <UniqueIdentifier>{4e780aac-fd4b-4a06-9ead-4b7ac8eddede}</UniqueIdentifier>
    </Filter>
    <Filter Include="Twar\Title">
      <UniqueIdentifier>{fd2c6fdd-9d05-4f49-bba4-5bee44b99bef}</UniqueIdentifier>
    </Filter>
    <Filter Include="Twar\Button">
      <UniqueIdentifier>{1c0b10be-02b7-4c36-b0ca-bd9ae68f8227}</UniqueIdentifier>
    </Filter>
    <Filter Include="Twar\TeamLogo">
      <UniqueIdentifier>{bc96b1ec-b269-415a-b75b-242255456d3f}</UniqueIdentifier>
    </Filter>
    <Filter Include="Twar\Enemy">
      <UniqueIdentifier>{c3a6b20a-4d84-4a3c-8d79-14a4fdb16ff5}</UniqueIdentifier>
    </Filter>
    <Filter Include="Twar\Collision">
      <UniqueIdentifier>{21aebc7d-a495-4240-aa87-7442afdfadf7}</UniqueIdentifier>
    </Filter>
    <Filter Include="Twar\Home">
      <UniqueIdentifier>{4985bd3c-1e90-4274-9f4c-aa6caa952518}</UniqueIdentifier>
    </Filter>
  </ItemGroup>
  <ItemGroup>
    <ClCompile Include="main.cpp">
      <Filter>Twar</Filter>
    </ClCompile>
    <ClCompile Include="Scene\SceneManager.cpp">
      <Filter>Twar\Scene</Filter>
    </ClCompile>
    <ClCompile Include="Scene\Scene.cpp">
      <Filter>Twar\Scene</Filter>
    </ClCompile>
    <ClCompile Include="GameData\SaveDataManager.cpp">
      <Filter>Twar\GameData</Filter>
    </ClCompile>
    <ClCompile Include="Scene\SceneFactory.cpp">
      <Filter>Twar\Scene</Filter>
    </ClCompile>
    <ClCompile Include="Scene\LogoScene.cpp">
      <Filter>Twar\Scene</Filter>
    </ClCompile>
    <ClCompile Include="Scene\TitleScene.cpp">
      <Filter>Twar\Scene</Filter>
    </ClCompile>
    <ClCompile Include="Scene\GameScene.cpp">
      <Filter>Twar\Scene</Filter>
    </ClCompile>
    <ClCompile Include="Scene\EndRollScene.cpp">
      <Filter>Twar\Scene</Filter>
    </ClCompile>
    <ClCompile Include="GameData\GameDataManager.cpp">
      <Filter>Twar\GameData</Filter>
    </ClCompile>
    <ClCompile Include="GameData\GameTimer.cpp">
      <Filter>Twar\GameData</Filter>
    </ClCompile>
    <ClCompile Include="Field\FieldManager.cpp">
      <Filter>Twar\Field</Filter>
    </ClCompile>
    <ClCompile Include="Field\Ocean.cpp">
      <Filter>Twar\Field</Filter>
    </ClCompile>
    <ClCompile Include="Field\Sky.cpp">
      <Filter>Twar\Field</Filter>
    </ClCompile>
    <ClCompile Include="SubScene\SubScene.cpp">
      <Filter>Twar\SubScene</Filter>
    </ClCompile>
    <ClCompile Include="main.cpp">
      <Filter>Twar</Filter>
    </ClCompile>
    <ClCompile Include="SubScene\Opening.cpp">
      <Filter>Twar\SubScene</Filter>
    </ClCompile>
    <ClCompile Include="SubScene\Home.cpp">
      <Filter>Twar\SubScene</Filter>
    </ClCompile>
    <ClCompile Include="SubScene\Shipyard.cpp">
      <Filter>Twar\SubScene</Filter>
    </ClCompile>
    <ClCompile Include="SubScene\Formation.cpp">
      <Filter>Twar\SubScene</Filter>
    </ClCompile>
    <ClCompile Include="SubScene\Battle.cpp">
      <Filter>Twar\SubScene</Filter>
    </ClCompile>
    <ClCompile Include="SubScene\BattleResult.cpp">
      <Filter>Twar\SubScene</Filter>
    </ClCompile>
    <ClCompile Include="SubScene\Ending.cpp">
      <Filter>Twar\SubScene</Filter>
    </ClCompile>
    <ClCompile Include="SubScene\SubSceneFactory.cpp">
      <Filter>Twar\SubScene</Filter>
    </ClCompile>
    <ClCompile Include="SubScene\WorldMap.cpp">
      <Filter>Twar\SubScene</Filter>
    </ClCompile>
    <ClCompile Include="Bullet\Ap.cpp">
      <Filter>Twar\Bullet</Filter>
    </ClCompile>
    <ClCompile Include="Bullet\Bullet.cpp">
      <Filter>Twar\Bullet</Filter>
    </ClCompile>
    <ClCompile Include="Bullet\He.cpp">
      <Filter>Twar\Bullet</Filter>
    </ClCompile>
    <ClCompile Include="Bullet\Torpedo.cpp">
      <Filter>Twar\Bullet</Filter>
    </ClCompile>
    <ClCompile Include="Ship\Cruiser.cpp">
      <Filter>Twar\Ship</Filter>
    </ClCompile>
    <ClCompile Include="Ship\Destroyer.cpp">
      <Filter>Twar\Ship</Filter>
    </ClCompile>
    <ClCompile Include="Ship\Ship.cpp">
      <Filter>Twar\Ship</Filter>
    </ClCompile>
    <ClCompile Include="Ship\ShipManager.cpp">
      <Filter>Twar\Ship</Filter>
    </ClCompile>
    <ClCompile Include="Thread\LoadingThread.cpp">
      <Filter>Twar\LoadingThread</Filter>
    </ClCompile>
    <ClCompile Include="CameraController\CameraController.cpp">
      <Filter>Twar\CameraController</Filter>
    </ClCompile>
    <ClCompile Include="Ship\BattleShip.cpp">
      <Filter>Twar\Ship</Filter>
    </ClCompile>
    <ClCompile Include="Button\MenuButton.cpp">
      <Filter>Twar\Button</Filter>
    </ClCompile>
    <ClCompile Include="Title\TitleBackground.cpp">
      <Filter>Twar\Title</Filter>
    </ClCompile>
    <ClCompile Include="Title\TitleLogo.cpp">
      <Filter>Twar\Title</Filter>
    </ClCompile>
    <ClCompile Include="Title\TitleMenu.cpp">
      <Filter>Twar\Title</Filter>
    </ClCompile>
    <ClCompile Include="GameData\DataMenu.cpp">
      <Filter>Twar\GameData</Filter>
    </ClCompile>
    <ClCompile Include="GameData\DataSlot.cpp">
      <Filter>Twar\GameData</Filter>
    </ClCompile>
    <ClCompile Include="TeamLogo\TeamLogo.cpp">
      <Filter>Twar\TeamLogo</Filter>
    </ClCompile>
    <ClCompile Include="Bullet\BulletManager.cpp">
      <Filter>Twar\Bullet</Filter>
    </ClCompile>
    <ClCompile Include="Collision\Collision.cpp">
      <Filter>Twar\Collision</Filter>
    </ClCompile>
    <ClCompile Include="Collision\CollisionManager.cpp">
      <Filter>Twar\Collision</Filter>
    </ClCompile>
    <ClCompile Include="Enemy\Enemy.cpp">
      <Filter>Twar\Enemy</Filter>
    </ClCompile>
    <ClCompile Include="Enemy\EnemyManager.cpp">
      <Filter>Twar\Enemy</Filter>
    </ClCompile>
    <ClCompile Include="Home\HomeBackGround.cpp">
      <Filter>Twar\Home</Filter>
    </ClCompile>
    <ClCompile Include="Bullet\EnemyBullet.cpp">
      <Filter>Twar\Bullet</Filter>
    </ClCompile>
    <ClCompile Include="Home\HomeMenu.cpp">
      <Filter>Twar\Home</Filter>
    </ClCompile>
  </ItemGroup>
  <ItemGroup>
    <ClInclude Include="Scene\SceneManager.h">
      <Filter>Twar\Scene</Filter>
    </ClInclude>
    <ClInclude Include="Scene\Scene.h">
      <Filter>Twar\Scene</Filter>
    </ClInclude>
    <ClInclude Include="GameData\SaveDataManager.h">
      <Filter>Twar\GameData</Filter>
    </ClInclude>
    <ClInclude Include="Scene\SceneFactory.h">
      <Filter>Twar\Scene</Filter>
    </ClInclude>
    <ClInclude Include="Scene\LogoScene.h">
      <Filter>Twar\Scene</Filter>
    </ClInclude>
    <ClInclude Include="Scene\TitleScene.h">
      <Filter>Twar\Scene</Filter>
    </ClInclude>
    <ClInclude Include="Scene\GameScene.h">
      <Filter>Twar\Scene</Filter>
    </ClInclude>
    <ClInclude Include="Scene\EndRollScene.h">
      <Filter>Twar\Scene</Filter>
    </ClInclude>
    <ClInclude Include="GameData\GameDataManager.h">
      <Filter>Twar\GameData</Filter>
    </ClInclude>
    <ClInclude Include="GameData\GameTimer.h">
      <Filter>Twar\GameData</Filter>
    </ClInclude>
    <ClInclude Include="Field\FieldManager.h">
      <Filter>Twar\Field</Filter>
    </ClInclude>
    <ClInclude Include="Field\Sky.h">
      <Filter>Twar\Field</Filter>
    </ClInclude>
    <ClInclude Include="Field\Ocean.h">
      <Filter>Twar\Field</Filter>
    </ClInclude>
    <ClInclude Include="SubScene\SubScene.h">
      <Filter>Twar\SubScene</Filter>
    </ClInclude>
    <ClInclude Include="SubScene\Opening.h">
      <Filter>Twar\SubScene</Filter>
    </ClInclude>
    <ClInclude Include="SubScene\Home.h">
      <Filter>Twar\SubScene</Filter>
    </ClInclude>
    <ClInclude Include="SubScene\Shipyard.h">
      <Filter>Twar\SubScene</Filter>
    </ClInclude>
    <ClInclude Include="SubScene\Formation.h">
      <Filter>Twar\SubScene</Filter>
    </ClInclude>
    <ClInclude Include="SubScene\Battle.h">
      <Filter>Twar\SubScene</Filter>
    </ClInclude>
    <ClInclude Include="SubScene\BattleResult.h">
      <Filter>Twar\SubScene</Filter>
    </ClInclude>
    <ClInclude Include="SubScene\Ending.h">
      <Filter>Twar\SubScene</Filter>
    </ClInclude>
    <ClInclude Include="SubScene\SubSceneFactory.h">
      <Filter>Twar\SubScene</Filter>
    </ClInclude>
    <ClInclude Include="SubScene\WorldMap.h">
      <Filter>Twar\SubScene</Filter>
    </ClInclude>
    <ClInclude Include="Bullet\Ap.h">
      <Filter>Twar\Bullet</Filter>
    </ClInclude>
    <ClInclude Include="Bullet\Bullet.h">
      <Filter>Twar\Bullet</Filter>
    </ClInclude>
    <ClInclude Include="Bullet\He.h">
      <Filter>Twar\Bullet</Filter>
    </ClInclude>
    <ClInclude Include="Bullet\Torpedo.h">
      <Filter>Twar\Bullet</Filter>
    </ClInclude>
    <ClInclude Include="Ship\Cruiser.h">
      <Filter>Twar\Ship</Filter>
    </ClInclude>
    <ClInclude Include="Ship\Destroyer.h">
      <Filter>Twar\Ship</Filter>
    </ClInclude>
    <ClInclude Include="Ship\Ship.h">
      <Filter>Twar\Ship</Filter>
    </ClInclude>
    <ClInclude Include="Ship\ShipManager.h">
      <Filter>Twar\Ship</Filter>
    </ClInclude>
    <ClInclude Include="Thread\LoadingThread.h">
      <Filter>Twar\LoadingThread</Filter>
    </ClInclude>
    <ClInclude Include="CameraController\CameraController.h">
      <Filter>Twar\CameraController</Filter>
    </ClInclude>
    <ClInclude Include="Ship\BattleShip.h">
      <Filter>Twar\Ship</Filter>
    </ClInclude>
    <ClInclude Include="Button\MenuButton.h">
      <Filter>Twar\Button</Filter>
    </ClInclude>
    <ClInclude Include="Title\TitleBackground.h">
      <Filter>Twar\Title</Filter>
    </ClInclude>
    <ClInclude Include="Title\TitleLogo.h">
      <Filter>Twar\Title</Filter>
    </ClInclude>
    <ClInclude Include="Title\TitleMenu.h">
      <Filter>Twar\Title</Filter>
    </ClInclude>
    <ClInclude Include="GameData\DataMenu.h">
      <Filter>Twar\GameData</Filter>
    </ClInclude>
    <ClInclude Include="GameData\DataSlot.h">
      <Filter>Twar\GameData</Filter>
    </ClInclude>
    <ClInclude Include="TeamLogo\TeamLogo.h">
      <Filter>Twar\TeamLogo</Filter>
    </ClInclude>
    <ClInclude Include="Bullet\BulletManager.h">
      <Filter>Twar\Bullet</Filter>
    </ClInclude>
    <ClInclude Include="Collision\Collision.h">
      <Filter>Twar\Collision</Filter>
    </ClInclude>
    <ClInclude Include="Collision\CollisionManager.h">
      <Filter>Twar\Collision</Filter>
    </ClInclude>
    <ClInclude Include="Enemy\Enemy.h">
      <Filter>Twar\Enemy</Filter>
    </ClInclude>
    <ClInclude Include="Enemy\EnemyManager.h">
      <Filter>Twar\Enemy</Filter>
    </ClInclude>
    <ClInclude Include="Home\HomeBackGround.h">
      <Filter>Twar\Home</Filter>
    </ClInclude>
    <ClInclude Include="Bullet\EnemyBullet.h">
      <Filter>Twar\Bullet</Filter>
    </ClInclude>
    <ClInclude Include="Home\HomeMenu.h">
      <Filter>Twar\Home</Filter>
    </ClInclude>
  </ItemGroup>
</Project>