<?xml version="1.0" encoding="utf-8"?>
<Project ToolsVersion="4.0" xmlns="http://schemas.microsoft.com/developer/msbuild/2003">
  <ItemGroup>
    <ClCompile Include="Font\Font.cpp">
      <Filter>Font</Filter>
    </ClCompile>
    <ClCompile Include="Camera\Camera.cpp">
      <Filter>Camera</Filter>
    </ClCompile>
    <ClCompile Include="GameLib\GameLib.cpp">
      <Filter>GameLib</Filter>
    </ClCompile>
    <ClCompile Include="Light\Light.cpp">
      <Filter>Light</Filter>
    </ClCompile>
    <ClCompile Include="GameLib\Lib\DebugFont.cpp">
      <Filter>GameLib\LIb</Filter>
    </ClCompile>
    <ClCompile Include="GameLib\Lib\DebugTimer.cpp">
      <Filter>GameLib\LIb</Filter>
    </ClCompile>
    <ClCompile Include="GameLib\Lib\GraphicsDevice.cpp">
      <Filter>GameLib\LIb</Filter>
    </ClCompile>
    <ClCompile Include="GameLib\Lib\InputDevice.cpp">
      <Filter>GameLib\LIb</Filter>
    </ClCompile>
    <ClCompile Include="GameLib\Lib\InputKey.cpp">
      <Filter>GameLib\LIb</Filter>
    </ClCompile>
    <ClCompile Include="GameLib\Lib\InputMouse.cpp">
      <Filter>GameLib\LIb</Filter>
    </ClCompile>
    <ClCompile Include="GameLib\Lib\SoundFileManager.cpp">
      <Filter>GameLib\LIb</Filter>
    </ClCompile>
    <ClCompile Include="GameLib\Lib\TextureManager.cpp">
      <Filter>GameLib\LIb</Filter>
    </ClCompile>
    <ClCompile Include="GameLib\Lib\Vertex.cpp">
      <Filter>GameLib\LIb</Filter>
    </ClCompile>
    <ClCompile Include="GameLib\Lib\VertexManager.cpp">
      <Filter>GameLib\LIb</Filter>
    </ClCompile>
    <ClCompile Include="GameLib\Lib\WindowCreator.cpp">
      <Filter>GameLib\LIb</Filter>
    </ClCompile>
    <ClCompile Include="GameLib\Lib\XFile.cpp">
      <Filter>GameLib\LIb</Filter>
    </ClCompile>
    <ClCompile Include="GameLib\Lib\XFileManager.cpp">
      <Filter>GameLib\LIb</Filter>
    </ClCompile>
    <ClCompile Include="Fbx\FbxModel.cpp">
      <Filter>Fbx</Filter>
    </ClCompile>
    <ClCompile Include="Fbx\FbxRelated.cpp">
      <Filter>Fbx</Filter>
    </ClCompile>
  </ItemGroup>
  <ItemGroup>
    <ClInclude Include="Font\Font.h">
      <Filter>Font</Filter>
    </ClInclude>
    <ClInclude Include="Camera\Camera.h">
      <Filter>Camera</Filter>
    </ClInclude>
    <ClInclude Include="GameLib\GameLib.h">
      <Filter>GameLib</Filter>
    </ClInclude>
    <ClInclude Include="Light\Light.h">
      <Filter>Light</Filter>
    </ClInclude>
    <ClInclude Include="GameLib\Lib\DebugFont.h">
      <Filter>GameLib\LIb</Filter>
    </ClInclude>
    <ClInclude Include="GameLib\Lib\DebugTimer.h">
      <Filter>GameLib\LIb</Filter>
    </ClInclude>
    <ClInclude Include="GameLib\Lib\GraphicsDevice.h">
      <Filter>GameLib\LIb</Filter>
    </ClInclude>
    <ClInclude Include="GameLib\Lib\InputDevice.h">
      <Filter>GameLib\LIb</Filter>
    </ClInclude>
    <ClInclude Include="GameLib\Lib\InputKey.h">
      <Filter>GameLib\LIb</Filter>
    </ClInclude>
    <ClInclude Include="GameLib\Lib\InputMouse.h">
      <Filter>GameLib\LIb</Filter>
    </ClInclude>
    <ClInclude Include="GameLib\Lib\SoundFileManager.h">
      <Filter>GameLib\LIb</Filter>
    </ClInclude>
    <ClInclude Include="GameLib\Lib\TextureManager.h">
      <Filter>GameLib\LIb</Filter>
    </ClInclude>
    <ClInclude Include="GameLib\Lib\Vertex.h">
      <Filter>GameLib\LIb</Filter>
    </ClInclude>
    <ClInclude Include="GameLib\Lib\VertexManager.h">
      <Filter>GameLib\LIb</Filter>
    </ClInclude>
    <ClInclude Include="GameLib\Lib\WindowCreator.h">
      <Filter>GameLib\LIb</Filter>
    </ClInclude>
    <ClInclude Include="GameLib\Lib\XFile.h">
      <Filter>GameLib\LIb</Filter>
    </ClInclude>
    <ClInclude Include="GameLib\Lib\XFileManager.h">
      <Filter>GameLib\LIb</Filter>
    </ClInclude>
    <ClInclude Include="LibClass.h" />
    <ClInclude Include="Fbx\FbxModel.h">
      <Filter>Fbx</Filter>
    </ClInclude>
    <ClInclude Include="Fbx\FbxRelated.h">
      <Filter>Fbx</Filter>
    </ClInclude>
  </ItemGroup>
  <ItemGroup>
    <Filter Include="Camera">
      <UniqueIdentifier>{13f9d136-adf1-40dc-9ff9-9634df1fbf5b}</UniqueIdentifier>
    </Filter>
    <Filter Include="Font">
      <UniqueIdentifier>{cd7e31f3-233e-44ee-8854-94587aea0886}</UniqueIdentifier>
    </Filter>
    <Filter Include="GameLib">
      <UniqueIdentifier>{e3625e2f-d1c8-46af-9c2c-12d9bcc3c9ce}</UniqueIdentifier>
    </Filter>
    <Filter Include="GameLib\LIb">
      <UniqueIdentifier>{90c1b7ab-7e5d-4abe-be37-78a9a212ab0e}</UniqueIdentifier>
    </Filter>
    <Filter Include="Light">
      <UniqueIdentifier>{bf79eb00-eaab-4442-a521-1509cb123ae0}</UniqueIdentifier>
    </Filter>
    <Filter Include="Fbx">
      <UniqueIdentifier>{4a4b02ec-1014-4bd3-8a5a-eb7206dfb5a4}</UniqueIdentifier>
    </Filter>
  </ItemGroup>
</Project>