<?xml version="1.0" encoding="utf-8"?>
<Project ToolsVersion="4.0" xmlns="http://schemas.microsoft.com/developer/msbuild/2003">
  <ItemGroup>
    <ClCompile Include="GraphicsDevice.cpp">
      <Filter>Lib_Class\GameLib\GraphicsDevice</Filter>
    </ClCompile>
    <ClCompile Include="InputDevice.cpp">
      <Filter>Lib_Class\GameLib\InputDevice</Filter>
    </ClCompile>
    <ClCompile Include="InputMouse.cpp">
      <Filter>Lib_Class\GameLib\InputDevice\InputMouse</Filter>
    </ClCompile>
    <ClCompile Include="InputKey.cpp">
      <Filter>Lib_Class\GameLib\InputDevice\InputKey</Filter>
    </ClCompile>
    <ClCompile Include="Camera.cpp">
      <Filter>Lib_Class\Camera</Filter>
    </ClCompile>
    <ClCompile Include="Light.cpp">
      <Filter>Lib_Class\Light</Filter>
    </ClCompile>
    <ClCompile Include="SoundFileManager.cpp">
      <Filter>Lib_Class\GameLib\SoundFileManager</Filter>
    </ClCompile>
    <ClCompile Include="TextureManager.cpp">
      <Filter>Lib_Class\GameLib\TextureManager</Filter>
    </ClCompile>
    <ClCompile Include="Vertex.cpp">
      <Filter>Lib_Class\GameLib\VertexManager\Vertex</Filter>
    </ClCompile>
    <ClCompile Include="WindowCreator.cpp">
      <Filter>Lib_Class\GameLib\WindowCreator</Filter>
    </ClCompile>
    <ClCompile Include="XFile.cpp">
      <Filter>Lib_Class\GameLib\XFileManager\XFile</Filter>
    </ClCompile>
    <ClCompile Include="DebugTimer.cpp">
      <Filter>Lib_Class\GameLib\DebugTimer</Filter>
    </ClCompile>
    <ClCompile Include="XFileManager.cpp">
      <Filter>Lib_Class\GameLib\XFileManager</Filter>
    </ClCompile>
    <ClCompile Include="VertexManager.cpp">
      <Filter>Lib_Class\GameLib\VertexManager</Filter>
    </ClCompile>
    <ClCompile Include="DebugFont.cpp">
      <Filter>Lib_Class\GameLib\DebugFont</Filter>
    </ClCompile>
    <ClCompile Include="GameLib.cpp">
      <Filter>Lib_Class\GameLib</Filter>
    </ClCompile>
    <ClCompile Include="Font\Font.cpp">
      <Filter>Lib_Class\Font</Filter>
    </ClCompile>
  </ItemGroup>
  <ItemGroup>
    <ClInclude Include="GraphicsDevice.h">
      <Filter>Lib_Class\GameLib\GraphicsDevice</Filter>
    </ClInclude>
    <ClInclude Include="InputDevice.h">
      <Filter>Lib_Class\GameLib\InputDevice</Filter>
    </ClInclude>
    <ClInclude Include="InputMouse.h">
      <Filter>Lib_Class\GameLib\InputDevice\InputMouse</Filter>
    </ClInclude>
    <ClInclude Include="InputKey.h">
      <Filter>Lib_Class\GameLib\InputDevice\InputKey</Filter>
    </ClInclude>
    <ClInclude Include="Camera.h">
      <Filter>Lib_Class\Camera</Filter>
    </ClInclude>
    <ClInclude Include="Light.h">
      <Filter>Lib_Class\Light</Filter>
    </ClInclude>
    <ClInclude Include="LibClass.h">
      <Filter>Lib_Class</Filter>
    </ClInclude>
    <ClInclude Include="SoundFileManager.h">
      <Filter>Lib_Class\GameLib\SoundFileManager</Filter>
    </ClInclude>
    <ClInclude Include="TextureManager.h">
      <Filter>Lib_Class\GameLib\TextureManager</Filter>
    </ClInclude>
    <ClInclude Include="Vertex.h">
      <Filter>Lib_Class\GameLib\VertexManager\Vertex</Filter>
    </ClInclude>
    <ClInclude Include="WindowCreator.h">
      <Filter>Lib_Class\GameLib\WindowCreator</Filter>
    </ClInclude>
    <ClInclude Include="XFile.h">
      <Filter>Lib_Class\GameLib\XFileManager\XFile</Filter>
    </ClInclude>
    <ClInclude Include="DebugTimer.h">
      <Filter>Lib_Class\GameLib\DebugTimer</Filter>
    </ClInclude>
    <ClInclude Include="XFileManager.h">
      <Filter>Lib_Class\GameLib\XFileManager</Filter>
    </ClInclude>
    <ClInclude Include="VertexManager.h">
      <Filter>Lib_Class\GameLib\VertexManager</Filter>
    </ClInclude>
    <ClInclude Include="DebugFont.h">
      <Filter>Lib_Class\GameLib\DebugFont</Filter>
    </ClInclude>
    <ClInclude Include="GameLib.h">
      <Filter>Lib_Class\GameLib</Filter>
    </ClInclude>
    <ClInclude Include="Font\Font.h">
      <Filter>Lib_Class\Font</Filter>
    </ClInclude>
  </ItemGroup>
  <ItemGroup>
    <Filter Include="Lib_Class">
      <UniqueIdentifier>{f0b7ae25-6cfb-437f-becd-fa2c9a34c2fe}</UniqueIdentifier>
    </Filter>
    <Filter Include="Lib_Class\Camera">
      <UniqueIdentifier>{13f9d136-adf1-40dc-9ff9-9634df1fbf5b}</UniqueIdentifier>
    </Filter>
    <Filter Include="Lib_Class\Light">
      <UniqueIdentifier>{bf79eb00-eaab-4442-a521-1509cb123ae0}</UniqueIdentifier>
    </Filter>
    <Filter Include="Lib_Class\Font">
      <UniqueIdentifier>{cd7e31f3-233e-44ee-8854-94587aea0886}</UniqueIdentifier>
    </Filter>
    <Filter Include="Lib_Class\GameLib">
      <UniqueIdentifier>{e3625e2f-d1c8-46af-9c2c-12d9bcc3c9ce}</UniqueIdentifier>
    </Filter>
    <Filter Include="Lib_Class\GameLib\GraphicsDevice">
      <UniqueIdentifier>{4baca559-1014-497b-b6ff-4c291e887561}</UniqueIdentifier>
    </Filter>
    <Filter Include="Lib_Class\GameLib\InputDevice">
      <UniqueIdentifier>{c1660ff2-f594-47bb-a1ed-ee33c74fdf42}</UniqueIdentifier>
    </Filter>
    <Filter Include="Lib_Class\GameLib\InputDevice\InputMouse">
      <UniqueIdentifier>{4554b1f4-1c38-4363-825d-899f4176e842}</UniqueIdentifier>
    </Filter>
    <Filter Include="Lib_Class\GameLib\InputDevice\InputKey">
      <UniqueIdentifier>{bf145da0-fc23-48df-867d-ef42628c98c2}</UniqueIdentifier>
    </Filter>
    <Filter Include="Lib_Class\GameLib\SoundFileManager">
      <UniqueIdentifier>{4caa17f6-89a4-40ce-a516-d428123767fa}</UniqueIdentifier>
    </Filter>
    <Filter Include="Lib_Class\GameLib\TextureManager">
      <UniqueIdentifier>{1eb8def6-f5f5-4114-a8e3-73bfac8aa8fc}</UniqueIdentifier>
    </Filter>
    <Filter Include="Lib_Class\GameLib\WindowCreator">
      <UniqueIdentifier>{f6762385-a0b3-4db8-8a7a-f385b30508d8}</UniqueIdentifier>
    </Filter>
    <Filter Include="Lib_Class\GameLib\XFileManager">
      <UniqueIdentifier>{15c6d2f2-2b7e-43fc-9069-fe36fd110c66}</UniqueIdentifier>
    </Filter>
    <Filter Include="Lib_Class\GameLib\XFileManager\XFile">
      <UniqueIdentifier>{3bc0e0ab-da63-485f-a1a3-ddc03357b161}</UniqueIdentifier>
    </Filter>
    <Filter Include="Lib_Class\GameLib\DebugTimer">
      <UniqueIdentifier>{2bf95e45-e589-4cd1-8cff-6654480b8760}</UniqueIdentifier>
    </Filter>
    <Filter Include="Lib_Class\GameLib\VertexManager">
      <UniqueIdentifier>{ed9c311f-73de-44af-a876-129f19fe96fe}</UniqueIdentifier>
    </Filter>
    <Filter Include="Lib_Class\GameLib\VertexManager\Vertex">
      <UniqueIdentifier>{26bf02ee-680b-4292-ba98-db2b308152f3}</UniqueIdentifier>
    </Filter>
    <Filter Include="Lib_Class\GameLib\DebugFont">
      <UniqueIdentifier>{7619f11d-e4f3-4b1c-aadb-07be99e3a0ad}</UniqueIdentifier>
    </Filter>
  </ItemGroup>
</Project>