<?xml version="1.0" encoding="utf-8"?>
<Project ToolsVersion="4.0" xmlns="http://schemas.microsoft.com/developer/msbuild/2003">
  <ItemGroup>
    <ClCompile Include="Font\Font.cpp">
      <Filter>Lib_Class\Font</Filter>
    </ClCompile>
    <ClCompile Include="Camera\Camera.cpp">
      <Filter>Lib_Class\Camera</Filter>
    </ClCompile>
    <ClCompile Include="GameLib\GameLib.cpp">
      <Filter>Lib_Class\GameLib</Filter>
    </ClCompile>
    <ClCompile Include="Light\Light.cpp">
      <Filter>Lib_Class\Light</Filter>
    </ClCompile>
    <ClCompile Include="GameLib\WindowCreator.cpp">
      <Filter>Lib_Class\GameLib</Filter>
    </ClCompile>
    <ClCompile Include="GameLib\GraphicsDevice.cpp">
      <Filter>Lib_Class\GameLib</Filter>
    </ClCompile>
    <ClCompile Include="GameLib\InputDevice.cpp">
      <Filter>Lib_Class\GameLib</Filter>
    </ClCompile>
    <ClCompile Include="GameLib\InputKey.cpp">
      <Filter>Lib_Class\GameLib</Filter>
    </ClCompile>
    <ClCompile Include="GameLib\InputMouse.cpp">
      <Filter>Lib_Class\GameLib</Filter>
    </ClCompile>
    <ClCompile Include="GameLib\XFile.cpp">
      <Filter>Lib_Class\GameLib</Filter>
    </ClCompile>
    <ClCompile Include="GameLib\XFileManager.cpp">
      <Filter>Lib_Class\GameLib</Filter>
    </ClCompile>
    <ClCompile Include="GameLib\TextureManager.cpp">
      <Filter>Lib_Class\GameLib</Filter>
    </ClCompile>
    <ClCompile Include="GameLib\SoundFileManager.cpp">
      <Filter>Lib_Class\GameLib</Filter>
    </ClCompile>
    <ClCompile Include="GameLib\DebugFont.cpp">
      <Filter>Lib_Class\GameLib</Filter>
    </ClCompile>
    <ClCompile Include="GameLib\DebugTimer.cpp">
      <Filter>Lib_Class\GameLib</Filter>
    </ClCompile>
    <ClCompile Include="GameLib\Vertex.cpp">
      <Filter>Lib_Class\GameLib</Filter>
    </ClCompile>
    <ClCompile Include="GameLib\VertexManager.cpp">
      <Filter>Lib_Class\GameLib</Filter>
    </ClCompile>
  </ItemGroup>
  <ItemGroup>
    <ClInclude Include="LibClass.h">
      <Filter>Lib_Class</Filter>
    </ClInclude>
    <ClInclude Include="Font\Font.h">
      <Filter>Lib_Class\Font</Filter>
    </ClInclude>
    <ClInclude Include="Camera\Camera.h">
      <Filter>Lib_Class\Camera</Filter>
    </ClInclude>
    <ClInclude Include="GameLib\GameLib.h">
      <Filter>Lib_Class\GameLib</Filter>
    </ClInclude>
    <ClInclude Include="Light\Light.h">
      <Filter>Lib_Class\Light</Filter>
    </ClInclude>
    <ClInclude Include="GameLib\WindowCreator.h">
      <Filter>Lib_Class\GameLib</Filter>
    </ClInclude>
    <ClInclude Include="GameLib\GraphicsDevice.h">
      <Filter>Lib_Class\GameLib</Filter>
    </ClInclude>
    <ClInclude Include="GameLib\InputDevice.h">
      <Filter>Lib_Class\GameLib</Filter>
    </ClInclude>
    <ClInclude Include="GameLib\InputKey.h">
      <Filter>Lib_Class\GameLib</Filter>
    </ClInclude>
    <ClInclude Include="GameLib\InputMouse.h">
      <Filter>Lib_Class\GameLib</Filter>
    </ClInclude>
    <ClInclude Include="GameLib\XFile.h">
      <Filter>Lib_Class\GameLib</Filter>
    </ClInclude>
    <ClInclude Include="GameLib\XFileManager.h">
      <Filter>Lib_Class\GameLib</Filter>
    </ClInclude>
    <ClInclude Include="GameLib\TextureManager.h">
      <Filter>Lib_Class\GameLib</Filter>
    </ClInclude>
    <ClInclude Include="GameLib\SoundFileManager.h">
      <Filter>Lib_Class\GameLib</Filter>
    </ClInclude>
    <ClInclude Include="GameLib\DebugFont.h">
      <Filter>Lib_Class\GameLib</Filter>
    </ClInclude>
    <ClInclude Include="GameLib\DebugTimer.h">
      <Filter>Lib_Class\GameLib</Filter>
    </ClInclude>
    <ClInclude Include="GameLib\Vertex.h">
      <Filter>Lib_Class\GameLib</Filter>
    </ClInclude>
    <ClInclude Include="GameLib\VertexManager.h">
      <Filter>Lib_Class\GameLib</Filter>
    </ClInclude>
  </ItemGroup>
  <ItemGroup>
    <Filter Include="Lib_Class">
      <UniqueIdentifier>{f0b7ae25-6cfb-437f-becd-fa2c9a34c2fe}</UniqueIdentifier>
    </Filter>
    <Filter Include="Lib_Class\Camera">
      <UniqueIdentifier>{13f9d136-adf1-40dc-9ff9-9634df1fbf5b}</UniqueIdentifier>
    </Filter>
    <Filter Include="Lib_Class\Light">
      <UniqueIdentifier>{bf79eb00-eaab-4442-a521-1509cb123ae0}</UniqueIdentifier>
    </Filter>
    <Filter Include="Lib_Class\Font">
      <UniqueIdentifier>{cd7e31f3-233e-44ee-8854-94587aea0886}</UniqueIdentifier>
    </Filter>
    <Filter Include="Lib_Class\GameLib">
      <UniqueIdentifier>{e3625e2f-d1c8-46af-9c2c-12d9bcc3c9ce}</UniqueIdentifier>
    </Filter>
  </ItemGroup>
</Project>